
Microsoft Visual Studio Solution File, Format Version 12.00
# Visual Studio Version 17
VisualStudioVersion = 17.4.33122.133
MinimumVisualStudioVersion = 10.0.40219.1
Project("{FAE04EC0-301F-11D3-BF4B-00C04F79EFBC}") = "Magecrypt", "Magecrypt\Magecrypt.csproj", "{D9133805-5C39-4AB8-83F3-AFC550139E74}"
EndProject
Global
	GlobalSection(SolutionConfigurationPlatforms) = preSolution
		Debug|Any CPU = Debug|Any CPU
		Release|Any CPU = Release|Any CPU
	EndGlobalSection
	GlobalSection(ProjectConfigurationPlatforms) = postSolution
		{D9133805-5C39-4AB8-83F3-AFC550139E74}.Debug|Any CPU.ActiveCfg = Debug|Any CPU
		{D9133805-5C39-4AB8-83F3-AFC550139E74}.Debug|Any CPU.Build.0 = Debug|Any CPU
		{D9133805-5C39-4AB8-83F3-AFC550139E74}.Release|Any CPU.ActiveCfg = Release|Any CPU
		{D9133805-5C39-4AB8-83F3-AFC550139E74}.Release|Any CPU.Build.0 = Release|Any CPU
	EndGlobalSection
	GlobalSection(SolutionProperties) = preSolution
		HideSolutionNode = FALSE
	EndGlobalSection
	GlobalSection(ExtensibilityGlobals) = postSolution
		SolutionGuid = {A037CD5E-B2AF-405E-A2BA-35836E368E24}
	EndGlobalSection
EndGlobal
